// !$*UTF8*$!
{
	archiveVersion = 1;
	classes = {
	};
	objectVersion = 50;
	objects = {

/* Begin PBXBuildFile section */
		7F7A985D02007EF276863F0D /* Pods_Demo.framework in Frameworks */ = {isa = PBXBuildFile; fileRef = A450205D8BF2997F19BC5BF4 /* Pods_Demo.framework */; };
		C2D54B5526710FD600A3798C /* AppDelegate.m in Sources */ = {isa = PBXBuildFile; fileRef = C2D54B5426710FD600A3798C /* AppDelegate.m */; };
		C2D54B5826710FD600A3798C /* SceneDelegate.m in Sources */ = {isa = PBXBuildFile; fileRef = C2D54B5726710FD600A3798C /* SceneDelegate.m */; };
		C2D54B5B26710FD600A3798C /* ViewController.m in Sources */ = {isa = PBXBuildFile; fileRef = C2D54B5A26710FD600A3798C /* ViewController.m */; };
		C2D54B5E26710FD600A3798C /* Main.storyboard in Resources */ = {isa = PBXBuildFile; fileRef = C2D54B5C26710FD600A3798C /* Main.storyboard */; };
		C2D54B6026710FDC00A3798C /* Assets.xcassets in Resources */ = {isa = PBXBuildFile; fileRef = C2D54B5F26710FDC00A3798C /* Assets.xcassets */; };
		C2D54B6326710FDC00A3798C /* LaunchScreen.storyboard in Resources */ = {isa = PBXBuildFile; fileRef = C2D54B6126710FDC00A3798C /* LaunchScreen.storyboard */; };
		C2D54B6626710FDC00A3798C /* main.m in Sources */ = {isa = PBXBuildFile; fileRef = C2D54B6526710FDC00A3798C /* main.m */; };
		C2D54B7026710FDC00A3798C /* DemoTests.m in Sources */ = {isa = PBXBuildFile; fileRef = C2D54B6F26710FDC00A3798C /* DemoTests.m */; };
		C2D54B7B26710FDC00A3798C /* DemoUITests.m in Sources */ = {isa = PBXBuildFile; fileRef = C2D54B7A26710FDC00A3798C /* DemoUITests.m */; };
		C6583D7B6BEF32A5D7A36A65 /* Pods_Demo_DemoUITests.framework in Frameworks */ = {isa = PBXBuildFile; fileRef = 1369CDA7A260EB802F05AAFA /* Pods_Demo_DemoUITests.framework */; };
		ECB4AC50AC7E3AC541EDF85B /* Pods_DemoTests.framework in Frameworks */ = {isa = PBXBuildFile; fileRef = 6F6BD54ED9195145B6594164 /* Pods_DemoTests.framework */; };
/* End PBXBuildFile section */

/* Begin PBXContainerItemProxy section */
		C2D54B6C26710FDC00A3798C /* PBXContainerItemProxy */ = {
			isa = PBXContainerItemProxy;
			containerPortal = C2D54B4826710FD600A3798C /* Project object */;
			proxyType = 1;
			remoteGlobalIDString = C2D54B4F26710FD600A3798C;
			remoteInfo = Demo;
		};
		C2D54B7726710FDC00A3798C /* PBXContainerItemProxy */ = {
			isa = PBXContainerItemProxy;
			containerPortal = C2D54B4826710FD600A3798C /* Project object */;
			proxyType = 1;
			remoteGlobalIDString = C2D54B4F26710FD600A3798C;
			remoteInfo = Demo;
		};
/* End PBXContainerItemProxy section */

/* Begin PBXFileReference section */
		083EF49ECB6ED0EFF6B0695C /* Pods-Demo-DemoUITests.release.xcconfig */ = {isa = PBXFileReference; includeInIndex = 1; lastKnownFileType = text.xcconfig; name = "Pods-Demo-DemoUITests.release.xcconfig"; path = "Target Support Files/Pods-Demo-DemoUITests/Pods-Demo-DemoUITests.release.xcconfig"; sourceTree = "<group>"; };
		1369CDA7A260EB802F05AAFA /* Pods_Demo_DemoUITests.framework */ = {isa = PBXFileReference; explicitFileType = wrapper.framework; includeInIndex = 0; path = Pods_Demo_DemoUITests.framework; sourceTree = BUILT_PRODUCTS_DIR; };
		2B76EFAC16B7ABA5BDEF69C3 /* Pods-DemoTests.debug.xcconfig */ = {isa = PBXFileReference; includeInIndex = 1; lastKnownFileType = text.xcconfig; name = "Pods-DemoTests.debug.xcconfig"; path = "Target Support Files/Pods-DemoTests/Pods-DemoTests.debug.xcconfig"; sourceTree = "<group>"; };
		6F6BD54ED9195145B6594164 /* Pods_DemoTests.framework */ = {isa = PBXFileReference; explicitFileType = wrapper.framework; includeInIndex = 0; path = Pods_DemoTests.framework; sourceTree = BUILT_PRODUCTS_DIR; };
		A450205D8BF2997F19BC5BF4 /* Pods_Demo.framework */ = {isa = PBXFileReference; explicitFileType = wrapper.framework; includeInIndex = 0; path = Pods_Demo.framework; sourceTree = BUILT_PRODUCTS_DIR; };
		AFED58F5580A1BC08201F68A /* Pods-DemoTests.release.xcconfig */ = {isa = PBXFileReference; includeInIndex = 1; lastKnownFileType = text.xcconfig; name = "Pods-DemoTests.release.xcconfig"; path = "Target Support Files/Pods-DemoTests/Pods-DemoTests.release.xcconfig"; sourceTree = "<group>"; };
		C2D54B5026710FD600A3798C /* Demo.app */ = {isa = PBXFileReference; explicitFileType = wrapper.application; includeInIndex = 0; path = Demo.app; sourceTree = BUILT_PRODUCTS_DIR; };
		C2D54B5326710FD600A3798C /* AppDelegate.h */ = {isa = PBXFileReference; lastKnownFileType = sourcecode.c.h; path = AppDelegate.h; sourceTree = "<group>"; };
		C2D54B5426710FD600A3798C /* AppDelegate.m */ = {isa = PBXFileReference; lastKnownFileType = sourcecode.c.objc; path = AppDelegate.m; sourceTree = "<group>"; };
		C2D54B5626710FD600A3798C /* SceneDelegate.h */ = {isa = PBXFileReference; lastKnownFileType = sourcecode.c.h; path = SceneDelegate.h; sourceTree = "<group>"; };
		C2D54B5726710FD600A3798C /* SceneDelegate.m */ = {isa = PBXFileReference; lastKnownFileType = sourcecode.c.objc; path = SceneDelegate.m; sourceTree = "<group>"; };
		C2D54B5926710FD600A3798C /* ViewController.h */ = {isa = PBXFileReference; lastKnownFileType = sourcecode.c.h; path = ViewController.h; sourceTree = "<group>"; };
		C2D54B5A26710FD600A3798C /* ViewController.m */ = {isa = PBXFileReference; lastKnownFileType = sourcecode.c.objc; path = ViewController.m; sourceTree = "<group>"; };
		C2D54B5D26710FD600A3798C /* Base */ = {isa = PBXFileReference; lastKnownFileType = file.storyboard; name = Base; path = Base.lproj/Main.storyboard; sourceTree = "<group>"; };
		C2D54B5F26710FDC00A3798C /* Assets.xcassets */ = {isa = PBXFileReference; lastKnownFileType = folder.assetcatalog; path = Assets.xcassets; sourceTree = "<group>"; };
		C2D54B6226710FDC00A3798C /* Base */ = {isa = PBXFileReference; lastKnownFileType = file.storyboard; name = Base; path = Base.lproj/LaunchScreen.storyboard; sourceTree = "<group>"; };
		C2D54B6426710FDC00A3798C /* Info.plist */ = {isa = PBXFileReference; lastKnownFileType = text.plist.xml; path = Info.plist; sourceTree = "<group>"; };
		C2D54B6526710FDC00A3798C /* main.m */ = {isa = PBXFileReference; lastKnownFileType = sourcecode.c.objc; path = main.m; sourceTree = "<group>"; };
		C2D54B6B26710FDC00A3798C /* DemoTests.xctest */ = {isa = PBXFileReference; explicitFileType = wrapper.cfbundle; includeInIndex = 0; path = DemoTests.xctest; sourceTree = BUILT_PRODUCTS_DIR; };
		C2D54B6F26710FDC00A3798C /* DemoTests.m */ = {isa = PBXFileReference; lastKnownFileType = sourcecode.c.objc; path = DemoTests.m; sourceTree = "<group>"; };
		C2D54B7126710FDC00A3798C /* Info.plist */ = {isa = PBXFileReference; lastKnownFileType = text.plist.xml; path = Info.plist; sourceTree = "<group>"; };
		C2D54B7626710FDC00A3798C /* DemoUITests.xctest */ = {isa = PBXFileReference; explicitFileType = wrapper.cfbundle; includeInIndex = 0; path = DemoUITests.xctest; sourceTree = BUILT_PRODUCTS_DIR; };
		C2D54B7A26710FDC00A3798C /* DemoUITests.m */ = {isa = PBXFileReference; lastKnownFileType = sourcecode.c.objc; path = DemoUITests.m; sourceTree = "<group>"; };
		C2D54B7C26710FDC00A3798C /* Info.plist */ = {isa = PBXFileReference; lastKnownFileType = text.plist.xml; path = Info.plist; sourceTree = "<group>"; };
		CB86962E31B44D3AB3BE95CB /* Pods-Demo-DemoUITests.debug.xcconfig */ = {isa = PBXFileReference; includeInIndex = 1; lastKnownFileType = text.xcconfig; name = "Pods-Demo-DemoUITests.debug.xcconfig"; path = "Target Support Files/Pods-Demo-DemoUITests/Pods-Demo-DemoUITests.debug.xcconfig"; sourceTree = "<group>"; };
		CC9909DD5B70532C5EB1DCD8 /* Pods-Demo.debug.xcconfig */ = {isa = PBXFileReference; includeInIndex = 1; lastKnownFileType = text.xcconfig; name = "Pods-Demo.debug.xcconfig"; path = "Target Support Files/Pods-Demo/Pods-Demo.debug.xcconfig"; sourceTree = "<group>"; };
		EF3118C651D62E98E4260D17 /* Pods-Demo.release.xcconfig */ = {isa = PBXFileReference; includeInIndex = 1; lastKnownFileType = text.xcconfig; name = "Pods-Demo.release.xcconfig"; path = "Target Support Files/Pods-Demo/Pods-Demo.release.xcconfig"; sourceTree = "<group>"; };
/* End PBXFileReference section */

/* Begin PBXFrameworksBuildPhase section */
		C2D54B4D26710FD600A3798C /* Frameworks */ = {
			isa = PBXFrameworksBuildPhase;
			buildActionMask = 2147483647;
			files = (
				7F7A985D02007EF276863F0D /* Pods_Demo.framework in Frameworks */,
			);
			runOnlyForDeploymentPostprocessing = 0;
		};
		C2D54B6826710FDC00A3798C /* Frameworks */ = {
			isa = PBXFrameworksBuildPhase;
			buildActionMask = 2147483647;
			files = (
				ECB4AC50AC7E3AC541EDF85B /* Pods_DemoTests.framework in Frameworks */,
			);
			runOnlyForDeploymentPostprocessing = 0;
		};
		C2D54B7326710FDC00A3798C /* Frameworks */ = {
			isa = PBXFrameworksBuildPhase;
			buildActionMask = 2147483647;
			files = (
				C6583D7B6BEF32A5D7A36A65 /* Pods_Demo_DemoUITests.framework in Frameworks */,
			);
			runOnlyForDeploymentPostprocessing = 0;
		};
/* End PBXFrameworksBuildPhase section */

/* Begin PBXGroup section */
		8D6052E74E26DCBF3E11B57D /* Pods */ = {
			isa = PBXGroup;
			children = (
				CC9909DD5B70532C5EB1DCD8 /* Pods-Demo.debug.xcconfig */,
				EF3118C651D62E98E4260D17 /* Pods-Demo.release.xcconfig */,
				CB86962E31B44D3AB3BE95CB /* Pods-Demo-DemoUITests.debug.xcconfig */,
				083EF49ECB6ED0EFF6B0695C /* Pods-Demo-DemoUITests.release.xcconfig */,
				2B76EFAC16B7ABA5BDEF69C3 /* Pods-DemoTests.debug.xcconfig */,
				AFED58F5580A1BC08201F68A /* Pods-DemoTests.release.xcconfig */,
			);
			name = Pods;
			path = Pods;
			sourceTree = "<group>";
		};
		C2D54B4726710FD600A3798C = {
			isa = PBXGroup;
			children = (
				C2D54B5226710FD600A3798C /* Demo */,
				C2D54B6E26710FDC00A3798C /* DemoTests */,
				C2D54B7926710FDC00A3798C /* DemoUITests */,
				C2D54B5126710FD600A3798C /* Products */,
				8D6052E74E26DCBF3E11B57D /* Pods */,
				FDC7170EDD3DE636D293217E /* Frameworks */,
			);
			sourceTree = "<group>";
		};
		C2D54B5126710FD600A3798C /* Products */ = {
			isa = PBXGroup;
			children = (
				C2D54B5026710FD600A3798C /* Demo.app */,
				C2D54B6B26710FDC00A3798C /* DemoTests.xctest */,
				C2D54B7626710FDC00A3798C /* DemoUITests.xctest */,
			);
			name = Products;
			sourceTree = "<group>";
		};
		C2D54B5226710FD600A3798C /* Demo */ = {
			isa = PBXGroup;
			children = (
				C2D54B5326710FD600A3798C /* AppDelegate.h */,
				C2D54B5426710FD600A3798C /* AppDelegate.m */,
				C2D54B5626710FD600A3798C /* SceneDelegate.h */,
				C2D54B5726710FD600A3798C /* SceneDelegate.m */,
				C2D54B5926710FD600A3798C /* ViewController.h */,
				C2D54B5A26710FD600A3798C /* ViewController.m */,
				C2D54B5C26710FD600A3798C /* Main.storyboard */,
				C2D54B5F26710FDC00A3798C /* Assets.xcassets */,
				C2D54B6126710FDC00A3798C /* LaunchScreen.storyboard */,
				C2D54B6426710FDC00A3798C /* Info.plist */,
				C2D54B6526710FDC00A3798C /* main.m */,
			);
			path = Demo;
			sourceTree = "<group>";
		};
		C2D54B6E26710FDC00A3798C /* DemoTests */ = {
			isa = PBXGroup;
			children = (
				C2D54B6F26710FDC00A3798C /* DemoTests.m */,
				C2D54B7126710FDC00A3798C /* Info.plist */,
			);
			path = DemoTests;
			sourceTree = "<group>";
		};
		C2D54B7926710FDC00A3798C /* DemoUITests */ = {
			isa = PBXGroup;
			children = (
				C2D54B7A26710FDC00A3798C /* DemoUITests.m */,
				C2D54B7C26710FDC00A3798C /* Info.plist */,
			);
			path = DemoUITests;
			sourceTree = "<group>";
		};
		FDC7170EDD3DE636D293217E /* Frameworks */ = {
			isa = PBXGroup;
			children = (
				A450205D8BF2997F19BC5BF4 /* Pods_Demo.framework */,
				1369CDA7A260EB802F05AAFA /* Pods_Demo_DemoUITests.framework */,
				6F6BD54ED9195145B6594164 /* Pods_DemoTests.framework */,
			);
			name = Frameworks;
			sourceTree = "<group>";
		};
/* End PBXGroup section */

/* Begin PBXNativeTarget section */
		C2D54B4F26710FD600A3798C /* Demo */ = {
			isa = PBXNativeTarget;
			buildConfigurationList = C2D54B7F26710FDC00A3798C /* Build configuration list for PBXNativeTarget "Demo" */;
			buildPhases = (
				4D87267F59D618CD031913D5 /* [CP] Check Pods Manifest.lock */,
				C2D54B4C26710FD600A3798C /* Sources */,
				C2D54B4D26710FD600A3798C /* Frameworks */,
				C2D54B4E26710FD600A3798C /* Resources */,
				6C9A5BEA3974CF6F503BC2D4 /* [CP] Embed Pods Frameworks */,
			);
			buildRules = (
			);
			dependencies = (
			);
			name = Demo;
			productName = Demo;
			productReference = C2D54B5026710FD600A3798C /* Demo.app */;
			productType = "com.apple.product-type.application";
		};
		C2D54B6A26710FDC00A3798C /* DemoTests */ = {
			isa = PBXNativeTarget;
			buildConfigurationList = C2D54B8226710FDC00A3798C /* Build configuration list for PBXNativeTarget "DemoTests" */;
			buildPhases = (
				49689990BCC97D3252654D26 /* [CP] Check Pods Manifest.lock */,
				C2D54B6726710FDC00A3798C /* Sources */,
				C2D54B6826710FDC00A3798C /* Frameworks */,
				C2D54B6926710FDC00A3798C /* Resources */,
			);
			buildRules = (
			);
			dependencies = (
				C2D54B6D26710FDC00A3798C /* PBXTargetDependency */,
			);
			name = DemoTests;
			productName = DemoTests;
			productReference = C2D54B6B26710FDC00A3798C /* DemoTests.xctest */;
			productType = "com.apple.product-type.bundle.unit-test";
		};
		C2D54B7526710FDC00A3798C /* DemoUITests */ = {
			isa = PBXNativeTarget;
			buildConfigurationList = C2D54B8526710FDC00A3798C /* Build configuration list for PBXNativeTarget "DemoUITests" */;
			buildPhases = (
				3CB6223DACC2D1825384C5F9 /* [CP] Check Pods Manifest.lock */,
				C2D54B7226710FDC00A3798C /* Sources */,
				C2D54B7326710FDC00A3798C /* Frameworks */,
				C2D54B7426710FDC00A3798C /* Resources */,
				6FE5E83060D5F8F0F3BFC4DF /* [CP] Embed Pods Frameworks */,
			);
			buildRules = (
			);
			dependencies = (
				C2D54B7826710FDC00A3798C /* PBXTargetDependency */,
			);
			name = DemoUITests;
			productName = DemoUITests;
			productReference = C2D54B7626710FDC00A3798C /* DemoUITests.xctest */;
			productType = "com.apple.product-type.bundle.ui-testing";
		};
/* End PBXNativeTarget section */

/* Begin PBXProject section */
		C2D54B4826710FD600A3798C /* Project object */ = {
			isa = PBXProject;
			attributes = {
				LastUpgradeCheck = 1250;
				TargetAttributes = {
					C2D54B4F26710FD600A3798C = {
						CreatedOnToolsVersion = 12.5;
					};
					C2D54B6A26710FDC00A3798C = {
						CreatedOnToolsVersion = 12.5;
						TestTargetID = C2D54B4F26710FD600A3798C;
					};
					C2D54B7526710FDC00A3798C = {
						CreatedOnToolsVersion = 12.5;
						TestTargetID = C2D54B4F26710FD600A3798C;
					};
				};
			};
			buildConfigurationList = C2D54B4B26710FD600A3798C /* Build configuration list for PBXProject "Demo" */;
			compatibilityVersion = "Xcode 9.3";
			developmentRegion = en;
			hasScannedForEncodings = 0;
			knownRegions = (
				en,
				Base,
			);
			mainGroup = C2D54B4726710FD600A3798C;
			productRefGroup = C2D54B5126710FD600A3798C /* Products */;
			projectDirPath = "";
			projectRoot = "";
			targets = (
				C2D54B4F26710FD600A3798C /* Demo */,
				C2D54B6A26710FDC00A3798C /* DemoTests */,
				C2D54B7526710FDC00A3798C /* DemoUITests */,
			);
		};
/* End PBXProject section */

/* Begin PBXResourcesBuildPhase section */
		C2D54B4E26710FD600A3798C /* Resources */ = {
			isa = PBXResourcesBuildPhase;
			buildActionMask = 2147483647;
			files = (
				C2D54B6326710FDC00A3798C /* LaunchScreen.storyboard in Resources */,
				C2D54B6026710FDC00A3798C /* Assets.xcassets in Resources */,
				C2D54B5E26710FD600A3798C /* Main.storyboard in Resources */,
			);
			runOnlyForDeploymentPostprocessing = 0;
		};
		C2D54B6926710FDC00A3798C /* Resources */ = {
			isa = PBXResourcesBuildPhase;
			buildActionMask = 2147483647;
			files = (
			);
			runOnlyForDeploymentPostprocessing = 0;
		};
		C2D54B7426710FDC00A3798C /* Resources */ = {
			isa = PBXResourcesBuildPhase;
			buildActionMask = 2147483647;
			files = (
			);
			runOnlyForDeploymentPostprocessing = 0;
		};
/* End PBXResourcesBuildPhase section */

/* Begin PBXShellScriptBuildPhase section */
		3CB6223DACC2D1825384C5F9 /* [CP] Check Pods Manifest.lock */ = {
			isa = PBXShellScriptBuildPhase;
			buildActionMask = 2147483647;
			files = (
			);
			inputFileListPaths = (
			);
			inputPaths = (
				"${PODS_PODFILE_DIR_PATH}/Podfile.lock",
				"${PODS_ROOT}/Manifest.lock",
			);
			name = "[CP] Check Pods Manifest.lock";
			outputFileListPaths = (
			);
			outputPaths = (
				"$(DERIVED_FILE_DIR)/Pods-Demo-DemoUITests-checkManifestLockResult.txt",
			);
			runOnlyForDeploymentPostprocessing = 0;
			shellPath = /bin/sh;
			shellScript = "diff \"${PODS_PODFILE_DIR_PATH}/Podfile.lock\" \"${PODS_ROOT}/Manifest.lock\" > /dev/null\nif [ $? != 0 ] ; then\n    # print error to STDERR\n    echo \"error: The sandbox is not in sync with the Podfile.lock. Run 'pod install' or update your CocoaPods installation.\" >&2\n    exit 1\nfi\n# This output is used by Xcode 'outputs' to avoid re-running this script phase.\necho \"SUCCESS\" > \"${SCRIPT_OUTPUT_FILE_0}\"\n";
			showEnvVarsInLog = 0;
		};
		49689990BCC97D3252654D26 /* [CP] Check Pods Manifest.lock */ = {
			isa = PBXShellScriptBuildPhase;
			buildActionMask = 2147483647;
			files = (
			);
			inputFileListPaths = (
			);
			inputPaths = (
				"${PODS_PODFILE_DIR_PATH}/Podfile.lock",
				"${PODS_ROOT}/Manifest.lock",
			);
			name = "[CP] Check Pods Manifest.lock";
			outputFileListPaths = (
			);
			outputPaths = (
				"$(DERIVED_FILE_DIR)/Pods-DemoTests-checkManifestLockResult.txt",
			);
			runOnlyForDeploymentPostprocessing = 0;
			shellPath = /bin/sh;
			shellScript = "diff \"${PODS_PODFILE_DIR_PATH}/Podfile.lock\" \"${PODS_ROOT}/Manifest.lock\" > /dev/null\nif [ $? != 0 ] ; then\n    # print error to STDERR\n    echo \"error: The sandbox is not in sync with the Podfile.lock. Run 'pod install' or update your CocoaPods installation.\" >&2\n    exit 1\nfi\n# This output is used by Xcode 'outputs' to avoid re-running this script phase.\necho \"SUCCESS\" > \"${SCRIPT_OUTPUT_FILE_0}\"\n";
			showEnvVarsInLog = 0;
		};
		4D87267F59D618CD031913D5 /* [CP] Check Pods Manifest.lock */ = {
			isa = PBXShellScriptBuildPhase;
			buildActionMask = 2147483647;
			files = (
			);
			inputFileListPaths = (
			);
			inputPaths = (
				"${PODS_PODFILE_DIR_PATH}/Podfile.lock",
				"${PODS_ROOT}/Manifest.lock",
			);
			name = "[CP] Check Pods Manifest.lock";
			outputFileListPaths = (
			);
			outputPaths = (
				"$(DERIVED_FILE_DIR)/Pods-Demo-checkManifestLockResult.txt",
			);
			runOnlyForDeploymentPostprocessing = 0;
			shellPath = /bin/sh;
			shellScript = "diff \"${PODS_PODFILE_DIR_PATH}/Podfile.lock\" \"${PODS_ROOT}/Manifest.lock\" > /dev/null\nif [ $? != 0 ] ; then\n    # print error to STDERR\n    echo \"error: The sandbox is not in sync with the Podfile.lock. Run 'pod install' or update your CocoaPods installation.\" >&2\n    exit 1\nfi\n# This output is used by Xcode 'outputs' to avoid re-running this script phase.\necho \"SUCCESS\" > \"${SCRIPT_OUTPUT_FILE_0}\"\n";
			showEnvVarsInLog = 0;
		};
		6C9A5BEA3974CF6F503BC2D4 /* [CP] Embed Pods Frameworks */ = {
			isa = PBXShellScriptBuildPhase;
			buildActionMask = 2147483647;
			files = (
			);
			inputFileListPaths = (
				"${PODS_ROOT}/Target Support Files/Pods-Demo/Pods-Demo-frameworks-${CONFIGURATION}-input-files.xcfilelist",
			);
			name = "[CP] Embed Pods Frameworks";
			outputFileListPaths = (
				"${PODS_ROOT}/Target Support Files/Pods-Demo/Pods-Demo-frameworks-${CONFIGURATION}-output-files.xcfilelist",
			);
			runOnlyForDeploymentPostprocessing = 0;
			shellPath = /bin/sh;
			shellScript = "\"${PODS_ROOT}/Target Support Files/Pods-Demo/Pods-Demo-frameworks.sh\"\n";
			showEnvVarsInLog = 0;
		};
		6FE5E83060D5F8F0F3BFC4DF /* [CP] Embed Pods Frameworks */ = {
			isa = PBXShellScriptBuildPhase;
			buildActionMask = 2147483647;
			files = (
			);
			inputFileListPaths = (
				"${PODS_ROOT}/Target Support Files/Pods-Demo-DemoUITests/Pods-Demo-DemoUITests-frameworks-${CONFIGURATION}-input-files.xcfilelist",
			);
			name = "[CP] Embed Pods Frameworks";
			outputFileListPaths = (
				"${PODS_ROOT}/Target Support Files/Pods-Demo-DemoUITests/Pods-Demo-DemoUITests-frameworks-${CONFIGURATION}-output-files.xcfilelist",
			);
			runOnlyForDeploymentPostprocessing = 0;
			shellPath = /bin/sh;
			shellScript = "\"${PODS_ROOT}/Target Support Files/Pods-Demo-DemoUITests/Pods-Demo-DemoUITests-frameworks.sh\"\n";
			showEnvVarsInLog = 0;
		};
/* End PBXShellScriptBuildPhase section */

/* Begin PBXSourcesBuildPhase section */
		C2D54B4C26710FD600A3798C /* Sources */ = {
			isa = PBXSourcesBuildPhase;
			buildActionMask = 2147483647;
			files = (
				C2D54B5B26710FD600A3798C /* ViewController.m in Sources */,
				C2D54B5526710FD600A3798C /* AppDelegate.m in Sources */,
				C2D54B6626710FDC00A3798C /* main.m in Sources */,
				C2D54B5826710FD600A3798C /* SceneDelegate.m in Sources */,
			);
			runOnlyForDeploymentPostprocessing = 0;
		};
		C2D54B6726710FDC00A3798C /* Sources */ = {
			isa = PBXSourcesBuildPhase;
			buildActionMask = 2147483647;
			files = (
				C2D54B7026710FDC00A3798C /* DemoTests.m in Sources */,
			);
			runOnlyForDeploymentPostprocessing = 0;
		};
		C2D54B7226710FDC00A3798C /* Sources */ = {
			isa = PBXSourcesBuildPhase;
			buildActionMask = 2147483647;
			files = (
				C2D54B7B26710FDC00A3798C /* DemoUITests.m in Sources */,
			);
			runOnlyForDeploymentPostprocessing = 0;
		};
/* End PBXSourcesBuildPhase section */

/* Begin PBXTargetDependency section */
		C2D54B6D26710FDC00A3798C /* PBXTargetDependency */ = {
			isa = PBXTargetDependency;
			target = C2D54B4F26710FD600A3798C /* Demo */;
			targetProxy = C2D54B6C26710FDC00A3798C /* PBXContainerItemProxy */;
		};
		C2D54B7826710FDC00A3798C /* PBXTargetDependency */ = {
			isa = PBXTargetDependency;
			target = C2D54B4F26710FD600A3798C /* Demo */;
			targetProxy = C2D54B7726710FDC00A3798C /* PBXContainerItemProxy */;
		};
/* End PBXTargetDependency section */

/* Begin PBXVariantGroup section */
		C2D54B5C26710FD600A3798C /* Main.storyboard */ = {
			isa = PBXVariantGroup;
			children = (
				C2D54B5D26710FD600A3798C /* Base */,
			);
			name = Main.storyboard;
			sourceTree = "<group>";
		};
		C2D54B6126710FDC00A3798C /* LaunchScreen.storyboard */ = {
			isa = PBXVariantGroup;
			children = (
				C2D54B6226710FDC00A3798C /* Base */,
			);
			name = LaunchScreen.storyboard;
			sourceTree = "<group>";
		};
/* End PBXVariantGroup section */

/* Begin XCBuildConfiguration section */
		C2D54B7D26710FDC00A3798C /* Debug */ = {
			isa = XCBuildConfiguration;
			buildSettings = {
				ALWAYS_SEARCH_USER_PATHS = NO;
				CLANG_ANALYZER_NONNULL = YES;
				CLANG_ANALYZER_NUMBER_OBJECT_CONVERSION = YES_AGGRESSIVE;
				CLANG_CXX_LANGUAGE_STANDARD = "gnu++14";
				CLANG_CXX_LIBRARY = "libc++";
				CLANG_ENABLE_MODULES = YES;
				CLANG_ENABLE_OBJC_ARC = YES;
				CLANG_ENABLE_OBJC_WEAK = YES;
				CLANG_WARN_BLOCK_CAPTURE_AUTORELEASING = YES;
				CLANG_WARN_BOOL_CONVERSION = YES;
				CLANG_WARN_COMMA = YES;
				CLANG_WARN_CONSTANT_CONVERSION = YES;
				CLANG_WARN_DEPRECATED_OBJC_IMPLEMENTATIONS = YES;
				CLANG_WARN_DIRECT_OBJC_ISA_USAGE = YES_ERROR;
				CLANG_WARN_DOCUMENTATION_COMMENTS = YES;
				CLANG_WARN_EMPTY_BODY = YES;
				CLANG_WARN_ENUM_CONVERSION = YES;
				CLANG_WARN_INFINITE_RECURSION = YES;
				CLANG_WARN_INT_CONVERSION = YES;
				CLANG_WARN_NON_LITERAL_NULL_CONVERSION = YES;
				CLANG_WARN_OBJC_IMPLICIT_RETAIN_SELF = YES;
				CLANG_WARN_OBJC_LITERAL_CONVERSION = YES;
				CLANG_WARN_OBJC_ROOT_CLASS = YES_ERROR;
				CLANG_WARN_QUOTED_INCLUDE_IN_FRAMEWORK_HEADER = YES;
				CLANG_WARN_RANGE_LOOP_ANALYSIS = YES;
				CLANG_WARN_STRICT_PROTOTYPES = YES;
				CLANG_WARN_SUSPICIOUS_MOVE = YES;
				CLANG_WARN_UNGUARDED_AVAILABILITY = YES_AGGRESSIVE;
				CLANG_WARN_UNREACHABLE_CODE = YES;
				CLANG_WARN__DUPLICATE_METHOD_MATCH = YES;
				COPY_PHASE_STRIP = NO;
				DEBUG_INFORMATION_FORMAT = dwarf;
				ENABLE_STRICT_OBJC_MSGSEND = YES;
				ENABLE_TESTABILITY = YES;
				GCC_C_LANGUAGE_STANDARD = gnu11;
				GCC_DYNAMIC_NO_PIC = NO;
				GCC_NO_COMMON_BLOCKS = YES;
				GCC_OPTIMIZATION_LEVEL = 0;
				GCC_PREPROCESSOR_DEFINITIONS = (
					"DEBUG=1",
					"$(inherited)",
				);
				GCC_WARN_64_TO_32_BIT_CONVERSION = YES;
				GCC_WARN_ABOUT_RETURN_TYPE = YES_ERROR;
				GCC_WARN_UNDECLARED_SELECTOR = YES;
				GCC_WARN_UNINITIALIZED_AUTOS = YES_AGGRESSIVE;
				GCC_WARN_UNUSED_FUNCTION = YES;
				GCC_WARN_UNUSED_VARIABLE = YES;
				IPHONEOS_DEPLOYMENT_TARGET = 14.5;
				MTL_ENABLE_DEBUG_INFO = INCLUDE_SOURCE;
				MTL_FAST_MATH = YES;
				ONLY_ACTIVE_ARCH = YES;
				SDKROOT = iphoneos;
			};
			name = Debug;
		};
		C2D54B7E26710FDC00A3798C /* Release */ = {
			isa = XCBuildConfiguration;
			buildSettings = {
				ALWAYS_SEARCH_USER_PATHS = NO;
				CLANG_ANALYZER_NONNULL = YES;
				CLANG_ANALYZER_NUMBER_OBJECT_CONVERSION = YES_AGGRESSIVE;
				CLANG_CXX_LANGUAGE_STANDARD = "gnu++14";
				CLANG_CXX_LIBRARY = "libc++";
				CLANG_ENABLE_MODULES = YES;
				CLANG_ENABLE_OBJC_ARC = YES;
				CLANG_ENABLE_OBJC_WEAK = YES;
				CLANG_WARN_BLOCK_CAPTURE_AUTORELEASING = YES;
				CLANG_WARN_BOOL_CONVERSION = YES;
				CLANG_WARN_COMMA = YES;
				CLANG_WARN_CONSTANT_CONVERSION = YES;
				CLANG_WARN_DEPRECATED_OBJC_IMPLEMENTATIONS = YES;
				CLANG_WARN_DIRECT_OBJC_ISA_USAGE = YES_ERROR;
				CLANG_WARN_DOCUMENTATION_COMMENTS = YES;
				CLANG_WARN_EMPTY_BODY = YES;
				CLANG_WARN_ENUM_CONVERSION = YES;
				CLANG_WARN_INFINITE_RECURSION = YES;
				CLANG_WARN_INT_CONVERSION = YES;
				CLANG_WARN_NON_LITERAL_NULL_CONVERSION = YES;
				CLANG_WARN_OBJC_IMPLICIT_RETAIN_SELF = YES;
				CLANG_WARN_OBJC_LITERAL_CONVERSION = YES;
				CLANG_WARN_OBJC_ROOT_CLASS = YES_ERROR;
				CLANG_WARN_QUOTED_INCLUDE_IN_FRAMEWORK_HEADER = YES;
				CLANG_WARN_RANGE_LOOP_ANALYSIS = YES;
				CLANG_WARN_STRICT_PROTOTYPES = YES;
				CLANG_WARN_SUSPICIOUS_MOVE = YES;
				CLANG_WARN_UNGUARDED_AVAILABILITY = YES_AGGRESSIVE;
				CLANG_WARN_UNREACHABLE_CODE = YES;
				CLANG_WARN__DUPLICATE_METHOD_MATCH = YES;
				COPY_PHASE_STRIP = NO;
				DEBUG_INFORMATION_FORMAT = "dwarf-with-dsym";
				ENABLE_NS_ASSERTIONS = NO;
				ENABLE_STRICT_OBJC_MSGSEND = YES;
				GCC_C_LANGUAGE_STANDARD = gnu11;
				GCC_NO_COMMON_BLOCKS = YES;
				GCC_WARN_64_TO_32_BIT_CONVERSION = YES;
				GCC_WARN_ABOUT_RETURN_TYPE = YES_ERROR;
				GCC_WARN_UNDECLARED_SELECTOR = YES;
				GCC_WARN_UNINITIALIZED_AUTOS = YES_AGGRESSIVE;
				GCC_WARN_UNUSED_FUNCTION = YES;
				GCC_WARN_UNUSED_VARIABLE = YES;
				IPHONEOS_DEPLOYMENT_TARGET = 14.5;
				MTL_ENABLE_DEBUG_INFO = NO;
				MTL_FAST_MATH = YES;
				SDKROOT = iphoneos;
				VALIDATE_PRODUCT = YES;
			};
			name = Release;
		};
		C2D54B8026710FDC00A3798C /* Debug */ = {
			isa = XCBuildConfiguration;
			baseConfigurationReference = CC9909DD5B70532C5EB1DCD8 /* Pods-Demo.debug.xcconfig */;
			buildSettings = {
				ASSETCATALOG_COMPILER_APPICON_NAME = AppIcon;
				ASSETCATALOG_COMPILER_GLOBAL_ACCENT_COLOR_NAME = AccentColor;
				CODE_SIGN_STYLE = Automatic;
				INFOPLIST_FILE = Demo/Info.plist;
				LD_RUNPATH_SEARCH_PATHS = (
					"$(inherited)",
					"@executable_path/Frameworks",
				);
				PRODUCT_BUNDLE_IDENTIFIER = wenbo.Demo;
				PRODUCT_NAME = "$(TARGET_NAME)";
				TARGETED_DEVICE_FAMILY = "1,2";
			};
			name = Debug;
		};
		C2D54B8126710FDC00A3798C /* Release */ = {
			isa = XCBuildConfiguration;
			baseConfigurationReference = EF3118C651D62E98E4260D17 /* Pods-Demo.release.xcconfig */;
			buildSettings = {
				ASSETCATALOG_COMPILER_APPICON_NAME = AppIcon;
				ASSETCATALOG_COMPILER_GLOBAL_ACCENT_COLOR_NAME = AccentColor;
				CODE_SIGN_STYLE = Automatic;
				INFOPLIST_FILE = Demo/Info.plist;
				LD_RUNPATH_SEARCH_PATHS = (
					"$(inherited)",
					"@executable_path/Frameworks",
				);
				PRODUCT_BUNDLE_IDENTIFIER = wenbo.Demo;
				PRODUCT_NAME = "$(TARGET_NAME)";
				TARGETED_DEVICE_FAMILY = "1,2";
			};
			name = Release;
		};
		C2D54B8326710FDC00A3798C /* Debug */ = {
			isa = XCBuildConfiguration;
			baseConfigurationReference = 2B76EFAC16B7ABA5BDEF69C3 /* Pods-DemoTests.debug.xcconfig */;
			buildSettings = {
				BUNDLE_LOADER = "$(TEST_HOST)";
				CODE_SIGN_STYLE = Automatic;
				INFOPLIST_FILE = DemoTests/Info.plist;
				IPHONEOS_DEPLOYMENT_TARGET = 14.5;
				LD_RUNPATH_SEARCH_PATHS = (
					"$(inherited)",
					"@executable_path/Frameworks",
					"@loader_path/Frameworks",
				);
				PRODUCT_BUNDLE_IDENTIFIER = wenbo.DemoTests;
				PRODUCT_NAME = "$(TARGET_NAME)";
				TARGETED_DEVICE_FAMILY = "1,2";
				TEST_HOST = "$(BUILT_PRODUCTS_DIR)/Demo.app/Demo";
			};
			name = Debug;
		};
		C2D54B8426710FDC00A3798C /* Release */ = {
			isa = XCBuildConfiguration;
			baseConfigurationReference = AFED58F5580A1BC08201F68A /* Pods-DemoTests.release.xcconfig */;
			buildSettings = {
				BUNDLE_LOADER = "$(TEST_HOST)";
				CODE_SIGN_STYLE = Automatic;
				INFOPLIST_FILE = DemoTests/Info.plist;
				IPHONEOS_DEPLOYMENT_TARGET = 14.5;
				LD_RUNPATH_SEARCH_PATHS = (
					"$(inherited)",
					"@executable_path/Frameworks",
					"@loader_path/Frameworks",
				);
				PRODUCT_BUNDLE_IDENTIFIER = wenbo.DemoTests;
				PRODUCT_NAME = "$(TARGET_NAME)";
				TARGETED_DEVICE_FAMILY = "1,2";
				TEST_HOST = "$(BUILT_PRODUCTS_DIR)/Demo.app/Demo";
			};
			name = Release;
		};
		C2D54B8626710FDC00A3798C /* Debug */ = {
			isa = XCBuildConfiguration;
			baseConfigurationReference = CB86962E31B44D3AB3BE95CB /* Pods-Demo-DemoUITests.debug.xcconfig */;
			buildSettings = {
				CODE_SIGN_STYLE = Automatic;
				INFOPLIST_FILE = DemoUITests/Info.plist;
				LD_RUNPATH_SEARCH_PATHS = (
					"$(inherited)",
					"@executable_path/Frameworks",
					"@loader_path/Frameworks",
				);
				PRODUCT_BUNDLE_IDENTIFIER = wenbo.DemoUITests;
				PRODUCT_NAME = "$(TARGET_NAME)";
				TARGETED_DEVICE_FAMILY = "1,2";
				TEST_TARGET_NAME = Demo;
			};
			name = Debug;
		};
		C2D54B8726710FDC00A3798C /* Release */ = {
			isa = XCBuildConfiguration;
			baseConfigurationReference = 083EF49ECB6ED0EFF6B0695C /* Pods-Demo-DemoUITests.release.xcconfig */;
			buildSettings = {
				CODE_SIGN_STYLE = Automatic;
				INFOPLIST_FILE = DemoUITests/Info.plist;
				LD_RUNPATH_SEARCH_PATHS = (
					"$(inherited)",
					"@executable_path/Frameworks",
					"@loader_path/Frameworks",
				);
				PRODUCT_BUNDLE_IDENTIFIER = wenbo.DemoUITests;
				PRODUCT_NAME = "$(TARGET_NAME)";
				TARGETED_DEVICE_FAMILY = "1,2";
				TEST_TARGET_NAME = Demo;
			};
			name = Release;
		};
/* End XCBuildConfiguration section */

/* Begin XCConfigurationList section */
		C2D54B4B26710FD600A3798C /* Build configuration list for PBXProject "Demo" */ = {
			isa = XCConfigurationList;
			buildConfigurations = (
				C2D54B7D26710FDC00A3798C /* Debug */,
				C2D54B7E26710FDC00A3798C /* Release */,
			);
			defaultConfigurationIsVisible = 0;
			defaultConfigurationName = Release;
		};
		C2D54B7F26710FDC00A3798C /* Build configuration list for PBXNativeTarget "Demo" */ = {
			isa = XCConfigurationList;
			buildConfigurations = (
				C2D54B8026710FDC00A3798C /* Debug */,
				C2D54B8126710FDC00A3798C /* Release */,
			);
			defaultConfigurationIsVisible = 0;
			defaultConfigurationName = Release;
		};
		C2D54B8226710FDC00A3798C /* Build configuration list for PBXNativeTarget "DemoTests" */ = {
			isa = XCConfigurationList;
			buildConfigurations = (
				C2D54B8326710FDC00A3798C /* Debug */,
				C2D54B8426710FDC00A3798C /* Release */,
			);
			defaultConfigurationIsVisible = 0;
			defaultConfigurationName = Release;
		};
		C2D54B8526710FDC00A3798C /* Build configuration list for PBXNativeTarget "DemoUITests" */ = {
			isa = XCConfigurationList;
			buildConfigurations = (
				C2D54B8626710FDC00A3798C /* Debug */,
				C2D54B8726710FDC00A3798C /* Release */,
			);
			defaultConfigurationIsVisible = 0;
			defaultConfigurationName = Release;
		};
/* End XCConfigurationList section */
	};
	rootObject = C2D54B4826710FD600A3798C /* Project object */;
}
